
Microsoft Visual Studio Solution File, Format Version 12.00
# Visual Studio Version 17
VisualStudioVersion = 17.13.35931.197 d17.13
MinimumVisualStudioVersion = 10.0.40219.1
Project("{FAE04EC0-301F-11D3-BF4B-00C04F79EFBC}") = "CMCS_Prototype", "CMCS_Prototype.csproj", "{0C10B699-A64D-4E52-89CC-B96A0909B0FF}"
EndProject
Global
	GlobalSection(SolutionConfigurationPlatforms) = preSolution
		Debug|Any CPU = Debug|Any CPU
		Release|Any CPU = Release|Any CPU
	EndGlobalSection
	GlobalSection(ProjectConfigurationPlatforms) = postSolution
		{0C10B699-A64D-4E52-89CC-B96A0909B0FF}.Debug|Any CPU.ActiveCfg = Debug|Any CPU
		{0C10B699-A64D-4E52-89CC-B96A0909B0FF}.Debug|Any CPU.Build.0 = Debug|Any CPU
		{0C10B699-A64D-4E52-89CC-B96A0909B0FF}.Release|Any CPU.ActiveCfg = Release|Any CPU
		{0C10B699-A64D-4E52-89CC-B96A0909B0FF}.Release|Any CPU.Build.0 = Release|Any CPU
	EndGlobalSection
	GlobalSection(SolutionProperties) = preSolution
		HideSolutionNode = FALSE
	EndGlobalSection
	GlobalSection(ExtensibilityGlobals) = postSolution
		SolutionGuid = {935E7B00-8B02-422B-B2E1-DE46F0AD78AE}
	EndGlobalSection
EndGlobal
